
Microsoft Visual Studio Solution File, Format Version 12.00
# Visual Studio 14
VisualStudioVersion = 14.0.25420.1
MinimumVisualStudioVersion = 10.0.40219.1
Project("{FAE04EC0-301F-11D3-BF4B-00C04F79EFBC}") = "HelloWorldApp", "HelloWorldApp\HelloWorldApp\HelloWorldApp.csproj", "{DC5DCF06-EE75-4D21-ABED-6DD185659A94}"
EndProject
Project("{FAE04EC0-301F-11D3-BF4B-00C04F79EFBC}") = "HelloWorldApp.Droid", "HelloWorldApp\HelloWorldApp.Droid\HelloWorldApp.Droid.csproj", "{E0CE053F-EC1D-4C4E-8614-615460FFE05E}"
EndProject
Project("{FAE04EC0-301F-11D3-BF4B-00C04F79EFBC}") = "HelloWorldApp.iOS", "HelloWorldApp\HelloWorldApp.iOS\HelloWorldApp.iOS.csproj", "{0D9108A1-E2F7-4BEB-9BE9-0D8C032A0BEA}"
EndProject
Project("{FAE04EC0-301F-11D3-BF4B-00C04F79EFBC}") = "HelloWorldApp.WinPhone", "HelloWorldApp\HelloWorldApp.WinPhone\HelloWorldApp.WinPhone.csproj", "{C3CCC51D-2F9D-43E2-8235-88FBC21A3554}"
EndProject
Project("{FAE04EC0-301F-11D3-BF4B-00C04F79EFBC}") = "HelloWorldApp.UWP", "HelloWorldApp\HelloWorldApp.UWP\HelloWorldApp.UWP.csproj", "{EB5B34C7-E57F-49E8-918F-97F6BE927DBD}"
EndProject
Project("{FAE04EC0-301F-11D3-BF4B-00C04F79EFBC}") = "HelloWorldApp.Windows", "HelloWorldApp\HelloWorldApp.Windows\HelloWorldApp.Windows.csproj", "{23B883AC-F7F1-4881-B412-EC352BC95262}"
EndProject
Global
	GlobalSection(SolutionConfigurationPlatforms) = preSolution
		Ad-Hoc|Any CPU = Ad-Hoc|Any CPU
		Ad-Hoc|ARM = Ad-Hoc|ARM
		Ad-Hoc|iPhone = Ad-Hoc|iPhone
		Ad-Hoc|iPhoneSimulator = Ad-Hoc|iPhoneSimulator
		Ad-Hoc|x64 = Ad-Hoc|x64
		Ad-Hoc|x86 = Ad-Hoc|x86
		AppStore|Any CPU = AppStore|Any CPU
		AppStore|ARM = AppStore|ARM
		AppStore|iPhone = AppStore|iPhone
		AppStore|iPhoneSimulator = AppStore|iPhoneSimulator
		AppStore|x64 = AppStore|x64
		AppStore|x86 = AppStore|x86
		Debug|Any CPU = Debug|Any CPU
		Debug|ARM = Debug|ARM
		Debug|iPhone = Debug|iPhone
		Debug|iPhoneSimulator = Debug|iPhoneSimulator
		Debug|x64 = Debug|x64
		Debug|x86 = Debug|x86
		Release|Any CPU = Release|Any CPU
		Release|ARM = Release|ARM
		Release|iPhone = Release|iPhone
		Release|iPhoneSimulator = Release|iPhoneSimulator
		Release|x64 = Release|x64
		Release|x86 = Release|x86
	EndGlobalSection
	GlobalSection(ProjectConfigurationPlatforms) = postSolution
		{DC5DCF06-EE75-4D21-ABED-6DD185659A94}.Ad-Hoc|Any CPU.ActiveCfg = Release|Any CPU
		{DC5DCF06-EE75-4D21-ABED-6DD185659A94}.Ad-Hoc|Any CPU.Build.0 = Release|Any CPU
		{DC5DCF06-EE75-4D21-ABED-6DD185659A94}.Ad-Hoc|ARM.ActiveCfg = Release|Any CPU
		{DC5DCF06-EE75-4D21-ABED-6DD185659A94}.Ad-Hoc|ARM.Build.0 = Release|Any CPU
		{DC5DCF06-EE75-4D21-ABED-6DD185659A94}.Ad-Hoc|iPhone.ActiveCfg = Release|Any CPU
		{DC5DCF06-EE75-4D21-ABED-6DD185659A94}.Ad-Hoc|iPhone.Build.0 = Release|Any CPU
		{DC5DCF06-EE75-4D21-ABED-6DD185659A94}.Ad-Hoc|iPhoneSimulator.ActiveCfg = Release|Any CPU
		{DC5DCF06-EE75-4D21-ABED-6DD185659A94}.Ad-Hoc|iPhoneSimulator.Build.0 = Release|Any CPU
		{DC5DCF06-EE75-4D21-ABED-6DD185659A94}.Ad-Hoc|x64.ActiveCfg = Release|Any CPU
		{DC5DCF06-EE75-4D21-ABED-6DD185659A94}.Ad-Hoc|x64.Build.0 = Release|Any CPU
		{DC5DCF06-EE75-4D21-ABED-6DD185659A94}.Ad-Hoc|x86.ActiveCfg = Release|Any CPU
		{DC5DCF06-EE75-4D21-ABED-6DD185659A94}.Ad-Hoc|x86.Build.0 = Release|Any CPU
		{DC5DCF06-EE75-4D21-ABED-6DD185659A94}.AppStore|Any CPU.ActiveCfg = Release|Any CPU
		{DC5DCF06-EE75-4D21-ABED-6DD185659A94}.AppStore|Any CPU.Build.0 = Release|Any CPU
		{DC5DCF06-EE75-4D21-ABED-6DD185659A94}.AppStore|ARM.ActiveCfg = Release|Any CPU
		{DC5DCF06-EE75-4D21-ABED-6DD185659A94}.AppStore|ARM.Build.0 = Release|Any CPU
		{DC5DCF06-EE75-4D21-ABED-6DD185659A94}.AppStore|iPhone.ActiveCfg = Release|Any CPU
		{DC5DCF06-EE75-4D21-ABED-6DD185659A94}.AppStore|iPhone.Build.0 = Release|Any CPU
		{DC5DCF06-EE75-4D21-ABED-6DD185659A94}.AppStore|iPhoneSimulator.ActiveCfg = Release|Any CPU
		{DC5DCF06-EE75-4D21-ABED-6DD185659A94}.AppStore|iPhoneSimulator.Build.0 = Release|Any CPU
		{DC5DCF06-EE75-4D21-ABED-6DD185659A94}.AppStore|x64.ActiveCfg = Release|Any CPU
		{DC5DCF06-EE75-4D21-ABED-6DD185659A94}.AppStore|x64.Build.0 = Release|Any CPU
		{DC5DCF06-EE75-4D21-ABED-6DD185659A94}.AppStore|x86.ActiveCfg = Release|Any CPU
		{DC5DCF06-EE75-4D21-ABED-6DD185659A94}.AppStore|x86.Build.0 = Release|Any CPU
		{DC5DCF06-EE75-4D21-ABED-6DD185659A94}.Debug|Any CPU.ActiveCfg = Debug|Any CPU
		{DC5DCF06-EE75-4D21-ABED-6DD185659A94}.Debug|Any CPU.Build.0 = Debug|Any CPU
		{DC5DCF06-EE75-4D21-ABED-6DD185659A94}.Debug|ARM.ActiveCfg = Debug|Any CPU
		{DC5DCF06-EE75-4D21-ABED-6DD185659A94}.Debug|ARM.Build.0 = Debug|Any CPU
		{DC5DCF06-EE75-4D21-ABED-6DD185659A94}.Debug|iPhone.ActiveCfg = Debug|Any CPU
		{DC5DCF06-EE75-4D21-ABED-6DD185659A94}.Debug|iPhone.Build.0 = Debug|Any CPU
		{DC5DCF06-EE75-4D21-ABED-6DD185659A94}.Debug|iPhoneSimulator.ActiveCfg = Debug|Any CPU
		{DC5DCF06-EE75-4D21-ABED-6DD185659A94}.Debug|iPhoneSimulator.Build.0 = Debug|Any CPU
		{DC5DCF06-EE75-4D21-ABED-6DD185659A94}.Debug|x64.ActiveCfg = Debug|Any CPU
		{DC5DCF06-EE75-4D21-ABED-6DD185659A94}.Debug|x64.Build.0 = Debug|Any CPU
		{DC5DCF06-EE75-4D21-ABED-6DD185659A94}.Debug|x86.ActiveCfg = Debug|Any CPU
		{DC5DCF06-EE75-4D21-ABED-6DD185659A94}.Debug|x86.Build.0 = Debug|Any CPU
		{DC5DCF06-EE75-4D21-ABED-6DD185659A94}.Release|Any CPU.ActiveCfg = Release|Any CPU
		{DC5DCF06-EE75-4D21-ABED-6DD185659A94}.Release|Any CPU.Build.0 = Release|Any CPU
		{DC5DCF06-EE75-4D21-ABED-6DD185659A94}.Release|ARM.ActiveCfg = Release|Any CPU
		{DC5DCF06-EE75-4D21-ABED-6DD185659A94}.Release|ARM.Build.0 = Release|Any CPU
		{DC5DCF06-EE75-4D21-ABED-6DD185659A94}.Release|iPhone.ActiveCfg = Release|Any CPU
		{DC5DCF06-EE75-4D21-ABED-6DD185659A94}.Release|iPhone.Build.0 = Release|Any CPU
		{DC5DCF06-EE75-4D21-ABED-6DD185659A94}.Release|iPhoneSimulator.ActiveCfg = Release|Any CPU
		{DC5DCF06-EE75-4D21-ABED-6DD185659A94}.Release|iPhoneSimulator.Build.0 = Release|Any CPU
		{DC5DCF06-EE75-4D21-ABED-6DD185659A94}.Release|x64.ActiveCfg = Release|Any CPU
		{DC5DCF06-EE75-4D21-ABED-6DD185659A94}.Release|x64.Build.0 = Release|Any CPU
		{DC5DCF06-EE75-4D21-ABED-6DD185659A94}.Release|x86.ActiveCfg = Release|Any CPU
		{DC5DCF06-EE75-4D21-ABED-6DD185659A94}.Release|x86.Build.0 = Release|Any CPU
		{E0CE053F-EC1D-4C4E-8614-615460FFE05E}.Ad-Hoc|Any CPU.ActiveCfg = Release|Any CPU
		{E0CE053F-EC1D-4C4E-8614-615460FFE05E}.Ad-Hoc|Any CPU.Build.0 = Release|Any CPU
		{E0CE053F-EC1D-4C4E-8614-615460FFE05E}.Ad-Hoc|Any CPU.Deploy.0 = Release|Any CPU
		{E0CE053F-EC1D-4C4E-8614-615460FFE05E}.Ad-Hoc|ARM.ActiveCfg = Release|Any CPU
		{E0CE053F-EC1D-4C4E-8614-615460FFE05E}.Ad-Hoc|ARM.Build.0 = Release|Any CPU
		{E0CE053F-EC1D-4C4E-8614-615460FFE05E}.Ad-Hoc|ARM.Deploy.0 = Release|Any CPU
		{E0CE053F-EC1D-4C4E-8614-615460FFE05E}.Ad-Hoc|iPhone.ActiveCfg = Release|Any CPU
		{E0CE053F-EC1D-4C4E-8614-615460FFE05E}.Ad-Hoc|iPhone.Build.0 = Release|Any CPU
		{E0CE053F-EC1D-4C4E-8614-615460FFE05E}.Ad-Hoc|iPhone.Deploy.0 = Release|Any CPU
		{E0CE053F-EC1D-4C4E-8614-615460FFE05E}.Ad-Hoc|iPhoneSimulator.ActiveCfg = Release|Any CPU
		{E0CE053F-EC1D-4C4E-8614-615460FFE05E}.Ad-Hoc|iPhoneSimulator.Build.0 = Release|Any CPU
		{E0CE053F-EC1D-4C4E-8614-615460FFE05E}.Ad-Hoc|iPhoneSimulator.Deploy.0 = Release|Any CPU
		{E0CE053F-EC1D-4C4E-8614-615460FFE05E}.Ad-Hoc|x64.ActiveCfg = Release|Any CPU
		{E0CE053F-EC1D-4C4E-8614-615460FFE05E}.Ad-Hoc|x64.Build.0 = Release|Any CPU
		{E0CE053F-EC1D-4C4E-8614-615460FFE05E}.Ad-Hoc|x64.Deploy.0 = Release|Any CPU
		{E0CE053F-EC1D-4C4E-8614-615460FFE05E}.Ad-Hoc|x86.ActiveCfg = Release|Any CPU
		{E0CE053F-EC1D-4C4E-8614-615460FFE05E}.Ad-Hoc|x86.Build.0 = Release|Any CPU
		{E0CE053F-EC1D-4C4E-8614-615460FFE05E}.Ad-Hoc|x86.Deploy.0 = Release|Any CPU
		{E0CE053F-EC1D-4C4E-8614-615460FFE05E}.AppStore|Any CPU.ActiveCfg = Release|Any CPU
		{E0CE053F-EC1D-4C4E-8614-615460FFE05E}.AppStore|Any CPU.Build.0 = Release|Any CPU
		{E0CE053F-EC1D-4C4E-8614-615460FFE05E}.AppStore|Any CPU.Deploy.0 = Release|Any CPU
		{E0CE053F-EC1D-4C4E-8614-615460FFE05E}.AppStore|ARM.ActiveCfg = Release|Any CPU
		{E0CE053F-EC1D-4C4E-8614-615460FFE05E}.AppStore|ARM.Build.0 = Release|Any CPU
		{E0CE053F-EC1D-4C4E-8614-615460FFE05E}.AppStore|ARM.Deploy.0 = Release|Any CPU
		{E0CE053F-EC1D-4C4E-8614-615460FFE05E}.AppStore|iPhone.ActiveCfg = Release|Any CPU
		{E0CE053F-EC1D-4C4E-8614-615460FFE05E}.AppStore|iPhone.Build.0 = Release|Any CPU
		{E0CE053F-EC1D-4C4E-8614-615460FFE05E}.AppStore|iPhone.Deploy.0 = Release|Any CPU
		{E0CE053F-EC1D-4C4E-8614-615460FFE05E}.AppStore|iPhoneSimulator.ActiveCfg = Release|Any CPU
		{E0CE053F-EC1D-4C4E-8614-615460FFE05E}.AppStore|iPhoneSimulator.Build.0 = Release|Any CPU
		{E0CE053F-EC1D-4C4E-8614-615460FFE05E}.AppStore|iPhoneSimulator.Deploy.0 = Release|Any CPU
		{E0CE053F-EC1D-4C4E-8614-615460FFE05E}.AppStore|x64.ActiveCfg = Release|Any CPU
		{E0CE053F-EC1D-4C4E-8614-615460FFE05E}.AppStore|x64.Build.0 = Release|Any CPU
		{E0CE053F-EC1D-4C4E-8614-615460FFE05E}.AppStore|x64.Deploy.0 = Release|Any CPU
		{E0CE053F-EC1D-4C4E-8614-615460FFE05E}.AppStore|x86.ActiveCfg = Release|Any CPU
		{E0CE053F-EC1D-4C4E-8614-615460FFE05E}.AppStore|x86.Build.0 = Release|Any CPU
		{E0CE053F-EC1D-4C4E-8614-615460FFE05E}.AppStore|x86.Deploy.0 = Release|Any CPU
		{E0CE053F-EC1D-4C4E-8614-615460FFE05E}.Debug|Any CPU.ActiveCfg = Debug|Any CPU
		{E0CE053F-EC1D-4C4E-8614-615460FFE05E}.Debug|Any CPU.Build.0 = Debug|Any CPU
		{E0CE053F-EC1D-4C4E-8614-615460FFE05E}.Debug|Any CPU.Deploy.0 = Debug|Any CPU
		{E0CE053F-EC1D-4C4E-8614-615460FFE05E}.Debug|ARM.ActiveCfg = Debug|Any CPU
		{E0CE053F-EC1D-4C4E-8614-615460FFE05E}.Debug|ARM.Build.0 = Debug|Any CPU
		{E0CE053F-EC1D-4C4E-8614-615460FFE05E}.Debug|ARM.Deploy.0 = Debug|Any CPU
		{E0CE053F-EC1D-4C4E-8614-615460FFE05E}.Debug|iPhone.ActiveCfg = Debug|Any CPU
		{E0CE053F-EC1D-4C4E-8614-615460FFE05E}.Debug|iPhone.Build.0 = Debug|Any CPU
		{E0CE053F-EC1D-4C4E-8614-615460FFE05E}.Debug|iPhone.Deploy.0 = Debug|Any CPU
		{E0CE053F-EC1D-4C4E-8614-615460FFE05E}.Debug|iPhoneSimulator.ActiveCfg = Debug|Any CPU
		{E0CE053F-EC1D-4C4E-8614-615460FFE05E}.Debug|iPhoneSimulator.Build.0 = Debug|Any CPU
		{E0CE053F-EC1D-4C4E-8614-615460FFE05E}.Debug|iPhoneSimulator.Deploy.0 = Debug|Any CPU
		{E0CE053F-EC1D-4C4E-8614-615460FFE05E}.Debug|x64.ActiveCfg = Debug|Any CPU
		{E0CE053F-EC1D-4C4E-8614-615460FFE05E}.Debug|x64.Build.0 = Debug|Any CPU
		{E0CE053F-EC1D-4C4E-8614-615460FFE05E}.Debug|x64.Deploy.0 = Debug|Any CPU
		{E0CE053F-EC1D-4C4E-8614-615460FFE05E}.Debug|x86.ActiveCfg = Debug|Any CPU
		{E0CE053F-EC1D-4C4E-8614-615460FFE05E}.Debug|x86.Build.0 = Debug|Any CPU
		{E0CE053F-EC1D-4C4E-8614-615460FFE05E}.Debug|x86.Deploy.0 = Debug|Any CPU
		{E0CE053F-EC1D-4C4E-8614-615460FFE05E}.Release|Any CPU.ActiveCfg = Release|Any CPU
		{E0CE053F-EC1D-4C4E-8614-615460FFE05E}.Release|Any CPU.Build.0 = Release|Any CPU
		{E0CE053F-EC1D-4C4E-8614-615460FFE05E}.Release|Any CPU.Deploy.0 = Release|Any CPU
		{E0CE053F-EC1D-4C4E-8614-615460FFE05E}.Release|ARM.ActiveCfg = Release|Any CPU
		{E0CE053F-EC1D-4C4E-8614-615460FFE05E}.Release|ARM.Build.0 = Release|Any CPU
		{E0CE053F-EC1D-4C4E-8614-615460FFE05E}.Release|ARM.Deploy.0 = Release|Any CPU
		{E0CE053F-EC1D-4C4E-8614-615460FFE05E}.Release|iPhone.ActiveCfg = Release|Any CPU
		{E0CE053F-EC1D-4C4E-8614-615460FFE05E}.Release|iPhone.Build.0 = Release|Any CPU
		{E0CE053F-EC1D-4C4E-8614-615460FFE05E}.Release|iPhone.Deploy.0 = Release|Any CPU
		{E0CE053F-EC1D-4C4E-8614-615460FFE05E}.Release|iPhoneSimulator.ActiveCfg = Release|Any CPU
		{E0CE053F-EC1D-4C4E-8614-615460FFE05E}.Release|iPhoneSimulator.Build.0 = Release|Any CPU
		{E0CE053F-EC1D-4C4E-8614-615460FFE05E}.Release|iPhoneSimulator.Deploy.0 = Release|Any CPU
		{E0CE053F-EC1D-4C4E-8614-615460FFE05E}.Release|x64.ActiveCfg = Release|Any CPU
		{E0CE053F-EC1D-4C4E-8614-615460FFE05E}.Release|x64.Build.0 = Release|Any CPU
		{E0CE053F-EC1D-4C4E-8614-615460FFE05E}.Release|x64.Deploy.0 = Release|Any CPU
		{E0CE053F-EC1D-4C4E-8614-615460FFE05E}.Release|x86.ActiveCfg = Release|Any CPU
		{E0CE053F-EC1D-4C4E-8614-615460FFE05E}.Release|x86.Build.0 = Release|Any CPU
		{E0CE053F-EC1D-4C4E-8614-615460FFE05E}.Release|x86.Deploy.0 = Release|Any CPU
		{0D9108A1-E2F7-4BEB-9BE9-0D8C032A0BEA}.Ad-Hoc|Any CPU.ActiveCfg = Ad-Hoc|iPhone
		{0D9108A1-E2F7-4BEB-9BE9-0D8C032A0BEA}.Ad-Hoc|ARM.ActiveCfg = Ad-Hoc|iPhone
		{0D9108A1-E2F7-4BEB-9BE9-0D8C032A0BEA}.Ad-Hoc|iPhone.ActiveCfg = Ad-Hoc|iPhone
		{0D9108A1-E2F7-4BEB-9BE9-0D8C032A0BEA}.Ad-Hoc|iPhone.Build.0 = Ad-Hoc|iPhone
		{0D9108A1-E2F7-4BEB-9BE9-0D8C032A0BEA}.Ad-Hoc|iPhoneSimulator.ActiveCfg = Ad-Hoc|iPhoneSimulator
		{0D9108A1-E2F7-4BEB-9BE9-0D8C032A0BEA}.Ad-Hoc|iPhoneSimulator.Build.0 = Ad-Hoc|iPhoneSimulator
		{0D9108A1-E2F7-4BEB-9BE9-0D8C032A0BEA}.Ad-Hoc|x64.ActiveCfg = Ad-Hoc|iPhone
		{0D9108A1-E2F7-4BEB-9BE9-0D8C032A0BEA}.Ad-Hoc|x86.ActiveCfg = Ad-Hoc|iPhone
		{0D9108A1-E2F7-4BEB-9BE9-0D8C032A0BEA}.AppStore|Any CPU.ActiveCfg = AppStore|iPhone
		{0D9108A1-E2F7-4BEB-9BE9-0D8C032A0BEA}.AppStore|ARM.ActiveCfg = AppStore|iPhone
		{0D9108A1-E2F7-4BEB-9BE9-0D8C032A0BEA}.AppStore|iPhone.ActiveCfg = AppStore|iPhone
		{0D9108A1-E2F7-4BEB-9BE9-0D8C032A0BEA}.AppStore|iPhone.Build.0 = AppStore|iPhone
		{0D9108A1-E2F7-4BEB-9BE9-0D8C032A0BEA}.AppStore|iPhoneSimulator.ActiveCfg = AppStore|iPhoneSimulator
		{0D9108A1-E2F7-4BEB-9BE9-0D8C032A0BEA}.AppStore|iPhoneSimulator.Build.0 = AppStore|iPhoneSimulator
		{0D9108A1-E2F7-4BEB-9BE9-0D8C032A0BEA}.AppStore|x64.ActiveCfg = AppStore|iPhone
		{0D9108A1-E2F7-4BEB-9BE9-0D8C032A0BEA}.AppStore|x86.ActiveCfg = AppStore|iPhone
		{0D9108A1-E2F7-4BEB-9BE9-0D8C032A0BEA}.Debug|Any CPU.ActiveCfg = Debug|iPhone
		{0D9108A1-E2F7-4BEB-9BE9-0D8C032A0BEA}.Debug|ARM.ActiveCfg = Debug|iPhone
		{0D9108A1-E2F7-4BEB-9BE9-0D8C032A0BEA}.Debug|iPhone.ActiveCfg = Debug|iPhone
		{0D9108A1-E2F7-4BEB-9BE9-0D8C032A0BEA}.Debug|iPhone.Build.0 = Debug|iPhone
		{0D9108A1-E2F7-4BEB-9BE9-0D8C032A0BEA}.Debug|iPhoneSimulator.ActiveCfg = Debug|iPhoneSimulator
		{0D9108A1-E2F7-4BEB-9BE9-0D8C032A0BEA}.Debug|iPhoneSimulator.Build.0 = Debug|iPhoneSimulator
		{0D9108A1-E2F7-4BEB-9BE9-0D8C032A0BEA}.Debug|x64.ActiveCfg = Debug|iPhone
		{0D9108A1-E2F7-4BEB-9BE9-0D8C032A0BEA}.Debug|x86.ActiveCfg = Debug|iPhone
		{0D9108A1-E2F7-4BEB-9BE9-0D8C032A0BEA}.Release|Any CPU.ActiveCfg = Release|iPhone
		{0D9108A1-E2F7-4BEB-9BE9-0D8C032A0BEA}.Release|ARM.ActiveCfg = Release|iPhone
		{0D9108A1-E2F7-4BEB-9BE9-0D8C032A0BEA}.Release|iPhone.ActiveCfg = Release|iPhone
		{0D9108A1-E2F7-4BEB-9BE9-0D8C032A0BEA}.Release|iPhone.Build.0 = Release|iPhone
		{0D9108A1-E2F7-4BEB-9BE9-0D8C032A0BEA}.Release|iPhoneSimulator.ActiveCfg = Release|iPhoneSimulator
		{0D9108A1-E2F7-4BEB-9BE9-0D8C032A0BEA}.Release|iPhoneSimulator.Build.0 = Release|iPhoneSimulator
		{0D9108A1-E2F7-4BEB-9BE9-0D8C032A0BEA}.Release|x64.ActiveCfg = Release|iPhone
		{0D9108A1-E2F7-4BEB-9BE9-0D8C032A0BEA}.Release|x86.ActiveCfg = Release|iPhone
		{C3CCC51D-2F9D-43E2-8235-88FBC21A3554}.Ad-Hoc|Any CPU.ActiveCfg = Release|Any CPU
		{C3CCC51D-2F9D-43E2-8235-88FBC21A3554}.Ad-Hoc|Any CPU.Build.0 = Release|Any CPU
		{C3CCC51D-2F9D-43E2-8235-88FBC21A3554}.Ad-Hoc|Any CPU.Deploy.0 = Release|Any CPU
		{C3CCC51D-2F9D-43E2-8235-88FBC21A3554}.Ad-Hoc|ARM.ActiveCfg = Release|ARM
		{C3CCC51D-2F9D-43E2-8235-88FBC21A3554}.Ad-Hoc|ARM.Build.0 = Release|ARM
		{C3CCC51D-2F9D-43E2-8235-88FBC21A3554}.Ad-Hoc|ARM.Deploy.0 = Release|ARM
		{C3CCC51D-2F9D-43E2-8235-88FBC21A3554}.Ad-Hoc|iPhone.ActiveCfg = Release|Any CPU
		{C3CCC51D-2F9D-43E2-8235-88FBC21A3554}.Ad-Hoc|iPhone.Build.0 = Release|Any CPU
		{C3CCC51D-2F9D-43E2-8235-88FBC21A3554}.Ad-Hoc|iPhone.Deploy.0 = Release|Any CPU
		{C3CCC51D-2F9D-43E2-8235-88FBC21A3554}.Ad-Hoc|iPhoneSimulator.ActiveCfg = Release|Any CPU
		{C3CCC51D-2F9D-43E2-8235-88FBC21A3554}.Ad-Hoc|iPhoneSimulator.Build.0 = Release|Any CPU
		{C3CCC51D-2F9D-43E2-8235-88FBC21A3554}.Ad-Hoc|iPhoneSimulator.Deploy.0 = Release|Any CPU
		{C3CCC51D-2F9D-43E2-8235-88FBC21A3554}.Ad-Hoc|x64.ActiveCfg = Release|Any CPU
		{C3CCC51D-2F9D-43E2-8235-88FBC21A3554}.Ad-Hoc|x64.Build.0 = Release|Any CPU
		{C3CCC51D-2F9D-43E2-8235-88FBC21A3554}.Ad-Hoc|x64.Deploy.0 = Release|Any CPU
		{C3CCC51D-2F9D-43E2-8235-88FBC21A3554}.Ad-Hoc|x86.ActiveCfg = Release|x86
		{C3CCC51D-2F9D-43E2-8235-88FBC21A3554}.Ad-Hoc|x86.Build.0 = Release|x86
		{C3CCC51D-2F9D-43E2-8235-88FBC21A3554}.Ad-Hoc|x86.Deploy.0 = Release|x86
		{C3CCC51D-2F9D-43E2-8235-88FBC21A3554}.AppStore|Any CPU.ActiveCfg = Release|Any CPU
		{C3CCC51D-2F9D-43E2-8235-88FBC21A3554}.AppStore|Any CPU.Build.0 = Release|Any CPU
		{C3CCC51D-2F9D-43E2-8235-88FBC21A3554}.AppStore|Any CPU.Deploy.0 = Release|Any CPU
		{C3CCC51D-2F9D-43E2-8235-88FBC21A3554}.AppStore|ARM.ActiveCfg = Release|ARM
		{C3CCC51D-2F9D-43E2-8235-88FBC21A3554}.AppStore|ARM.Build.0 = Release|ARM
		{C3CCC51D-2F9D-43E2-8235-88FBC21A3554}.AppStore|ARM.Deploy.0 = Release|ARM
		{C3CCC51D-2F9D-43E2-8235-88FBC21A3554}.AppStore|iPhone.ActiveCfg = Release|Any CPU
		{C3CCC51D-2F9D-43E2-8235-88FBC21A3554}.AppStore|iPhone.Build.0 = Release|Any CPU
		{C3CCC51D-2F9D-43E2-8235-88FBC21A3554}.AppStore|iPhone.Deploy.0 = Release|Any CPU
		{C3CCC51D-2F9D-43E2-8235-88FBC21A3554}.AppStore|iPhoneSimulator.ActiveCfg = Release|Any CPU
		{C3CCC51D-2F9D-43E2-8235-88FBC21A3554}.AppStore|iPhoneSimulator.Build.0 = Release|Any CPU
		{C3CCC51D-2F9D-43E2-8235-88FBC21A3554}.AppStore|iPhoneSimulator.Deploy.0 = Release|Any CPU
		{C3CCC51D-2F9D-43E2-8235-88FBC21A3554}.AppStore|x64.ActiveCfg = Release|Any CPU
		{C3CCC51D-2F9D-43E2-8235-88FBC21A3554}.AppStore|x64.Build.0 = Release|Any CPU
		{C3CCC51D-2F9D-43E2-8235-88FBC21A3554}.AppStore|x64.Deploy.0 = Release|Any CPU
		{C3CCC51D-2F9D-43E2-8235-88FBC21A3554}.AppStore|x86.ActiveCfg = Release|x86
		{C3CCC51D-2F9D-43E2-8235-88FBC21A3554}.AppStore|x86.Build.0 = Release|x86
		{C3CCC51D-2F9D-43E2-8235-88FBC21A3554}.AppStore|x86.Deploy.0 = Release|x86
		{C3CCC51D-2F9D-43E2-8235-88FBC21A3554}.Debug|Any CPU.ActiveCfg = Debug|Any CPU
		{C3CCC51D-2F9D-43E2-8235-88FBC21A3554}.Debug|Any CPU.Build.0 = Debug|Any CPU
		{C3CCC51D-2F9D-43E2-8235-88FBC21A3554}.Debug|Any CPU.Deploy.0 = Debug|Any CPU
		{C3CCC51D-2F9D-43E2-8235-88FBC21A3554}.Debug|ARM.ActiveCfg = Debug|ARM
		{C3CCC51D-2F9D-43E2-8235-88FBC21A3554}.Debug|ARM.Build.0 = Debug|ARM
		{C3CCC51D-2F9D-43E2-8235-88FBC21A3554}.Debug|ARM.Deploy.0 = Debug|ARM
		{C3CCC51D-2F9D-43E2-8235-88FBC21A3554}.Debug|iPhone.ActiveCfg = Debug|Any CPU
		{C3CCC51D-2F9D-43E2-8235-88FBC21A3554}.Debug|iPhone.Build.0 = Debug|Any CPU
		{C3CCC51D-2F9D-43E2-8235-88FBC21A3554}.Debug|iPhone.Deploy.0 = Debug|Any CPU
		{C3CCC51D-2F9D-43E2-8235-88FBC21A3554}.Debug|iPhoneSimulator.ActiveCfg = Debug|Any CPU
		{C3CCC51D-2F9D-43E2-8235-88FBC21A3554}.Debug|iPhoneSimulator.Build.0 = Debug|Any CPU
		{C3CCC51D-2F9D-43E2-8235-88FBC21A3554}.Debug|iPhoneSimulator.Deploy.0 = Debug|Any CPU
		{C3CCC51D-2F9D-43E2-8235-88FBC21A3554}.Debug|x64.ActiveCfg = Debug|Any CPU
		{C3CCC51D-2F9D-43E2-8235-88FBC21A3554}.Debug|x64.Build.0 = Debug|Any CPU
		{C3CCC51D-2F9D-43E2-8235-88FBC21A3554}.Debug|x64.Deploy.0 = Debug|Any CPU
		{C3CCC51D-2F9D-43E2-8235-88FBC21A3554}.Debug|x86.ActiveCfg = Debug|x86
		{C3CCC51D-2F9D-43E2-8235-88FBC21A3554}.Debug|x86.Build.0 = Debug|x86
		{C3CCC51D-2F9D-43E2-8235-88FBC21A3554}.Debug|x86.Deploy.0 = Debug|x86
		{C3CCC51D-2F9D-43E2-8235-88FBC21A3554}.Release|Any CPU.ActiveCfg = Release|Any CPU
		{C3CCC51D-2F9D-43E2-8235-88FBC21A3554}.Release|Any CPU.Build.0 = Release|Any CPU
		{C3CCC51D-2F9D-43E2-8235-88FBC21A3554}.Release|Any CPU.Deploy.0 = Release|Any CPU
		{C3CCC51D-2F9D-43E2-8235-88FBC21A3554}.Release|ARM.ActiveCfg = Release|ARM
		{C3CCC51D-2F9D-43E2-8235-88FBC21A3554}.Release|ARM.Build.0 = Release|ARM
		{C3CCC51D-2F9D-43E2-8235-88FBC21A3554}.Release|ARM.Deploy.0 = Release|ARM
		{C3CCC51D-2F9D-43E2-8235-88FBC21A3554}.Release|iPhone.ActiveCfg = Release|Any CPU
		{C3CCC51D-2F9D-43E2-8235-88FBC21A3554}.Release|iPhone.Build.0 = Release|Any CPU
		{C3CCC51D-2F9D-43E2-8235-88FBC21A3554}.Release|iPhone.Deploy.0 = Release|Any CPU
		{C3CCC51D-2F9D-43E2-8235-88FBC21A3554}.Release|iPhoneSimulator.ActiveCfg = Release|Any CPU
		{C3CCC51D-2F9D-43E2-8235-88FBC21A3554}.Release|iPhoneSimulator.Build.0 = Release|Any CPU
		{C3CCC51D-2F9D-43E2-8235-88FBC21A3554}.Release|iPhoneSimulator.Deploy.0 = Release|Any CPU
		{C3CCC51D-2F9D-43E2-8235-88FBC21A3554}.Release|x64.ActiveCfg = Release|Any CPU
		{C3CCC51D-2F9D-43E2-8235-88FBC21A3554}.Release|x64.Build.0 = Release|Any CPU
		{C3CCC51D-2F9D-43E2-8235-88FBC21A3554}.Release|x64.Deploy.0 = Release|Any CPU
		{C3CCC51D-2F9D-43E2-8235-88FBC21A3554}.Release|x86.ActiveCfg = Release|x86
		{C3CCC51D-2F9D-43E2-8235-88FBC21A3554}.Release|x86.Build.0 = Release|x86
		{C3CCC51D-2F9D-43E2-8235-88FBC21A3554}.Release|x86.Deploy.0 = Release|x86
		{EB5B34C7-E57F-49E8-918F-97F6BE927DBD}.Ad-Hoc|Any CPU.ActiveCfg = Release|x86
		{EB5B34C7-E57F-49E8-918F-97F6BE927DBD}.Ad-Hoc|Any CPU.Build.0 = Release|x86
		{EB5B34C7-E57F-49E8-918F-97F6BE927DBD}.Ad-Hoc|Any CPU.Deploy.0 = Release|x86
		{EB5B34C7-E57F-49E8-918F-97F6BE927DBD}.Ad-Hoc|ARM.ActiveCfg = Release|ARM
		{EB5B34C7-E57F-49E8-918F-97F6BE927DBD}.Ad-Hoc|ARM.Build.0 = Release|ARM
		{EB5B34C7-E57F-49E8-918F-97F6BE927DBD}.Ad-Hoc|ARM.Deploy.0 = Release|ARM
		{EB5B34C7-E57F-49E8-918F-97F6BE927DBD}.Ad-Hoc|iPhone.ActiveCfg = Release|x86
		{EB5B34C7-E57F-49E8-918F-97F6BE927DBD}.Ad-Hoc|iPhone.Build.0 = Release|x86
		{EB5B34C7-E57F-49E8-918F-97F6BE927DBD}.Ad-Hoc|iPhone.Deploy.0 = Release|x86
		{EB5B34C7-E57F-49E8-918F-97F6BE927DBD}.Ad-Hoc|iPhoneSimulator.ActiveCfg = Release|x86
		{EB5B34C7-E57F-49E8-918F-97F6BE927DBD}.Ad-Hoc|iPhoneSimulator.Build.0 = Release|x86
		{EB5B34C7-E57F-49E8-918F-97F6BE927DBD}.Ad-Hoc|iPhoneSimulator.Deploy.0 = Release|x86
		{EB5B34C7-E57F-49E8-918F-97F6BE927DBD}.Ad-Hoc|x64.ActiveCfg = Release|x64
		{EB5B34C7-E57F-49E8-918F-97F6BE927DBD}.Ad-Hoc|x64.Build.0 = Release|x64
		{EB5B34C7-E57F-49E8-918F-97F6BE927DBD}.Ad-Hoc|x64.Deploy.0 = Release|x64
		{EB5B34C7-E57F-49E8-918F-97F6BE927DBD}.Ad-Hoc|x86.ActiveCfg = Release|x86
		{EB5B34C7-E57F-49E8-918F-97F6BE927DBD}.Ad-Hoc|x86.Build.0 = Release|x86
		{EB5B34C7-E57F-49E8-918F-97F6BE927DBD}.Ad-Hoc|x86.Deploy.0 = Release|x86
		{EB5B34C7-E57F-49E8-918F-97F6BE927DBD}.AppStore|Any CPU.ActiveCfg = Release|x86
		{EB5B34C7-E57F-49E8-918F-97F6BE927DBD}.AppStore|Any CPU.Build.0 = Release|x86
		{EB5B34C7-E57F-49E8-918F-97F6BE927DBD}.AppStore|Any CPU.Deploy.0 = Release|x86
		{EB5B34C7-E57F-49E8-918F-97F6BE927DBD}.AppStore|ARM.ActiveCfg = Release|ARM
		{EB5B34C7-E57F-49E8-918F-97F6BE927DBD}.AppStore|ARM.Build.0 = Release|ARM
		{EB5B34C7-E57F-49E8-918F-97F6BE927DBD}.AppStore|ARM.Deploy.0 = Release|ARM
		{EB5B34C7-E57F-49E8-918F-97F6BE927DBD}.AppStore|iPhone.ActiveCfg = Release|x86
		{EB5B34C7-E57F-49E8-918F-97F6BE927DBD}.AppStore|iPhone.Build.0 = Release|x86
		{EB5B34C7-E57F-49E8-918F-97F6BE927DBD}.AppStore|iPhone.Deploy.0 = Release|x86
		{EB5B34C7-E57F-49E8-918F-97F6BE927DBD}.AppStore|iPhoneSimulator.ActiveCfg = Release|x86
		{EB5B34C7-E57F-49E8-918F-97F6BE927DBD}.AppStore|iPhoneSimulator.Build.0 = Release|x86
		{EB5B34C7-E57F-49E8-918F-97F6BE927DBD}.AppStore|iPhoneSimulator.Deploy.0 = Release|x86
		{EB5B34C7-E57F-49E8-918F-97F6BE927DBD}.AppStore|x64.ActiveCfg = Release|x64
		{EB5B34C7-E57F-49E8-918F-97F6BE927DBD}.AppStore|x64.Build.0 = Release|x64
		{EB5B34C7-E57F-49E8-918F-97F6BE927DBD}.AppStore|x64.Deploy.0 = Release|x64
		{EB5B34C7-E57F-49E8-918F-97F6BE927DBD}.AppStore|x86.ActiveCfg = Release|x86
		{EB5B34C7-E57F-49E8-918F-97F6BE927DBD}.AppStore|x86.Build.0 = Release|x86
		{EB5B34C7-E57F-49E8-918F-97F6BE927DBD}.AppStore|x86.Deploy.0 = Release|x86
		{EB5B34C7-E57F-49E8-918F-97F6BE927DBD}.Debug|Any CPU.ActiveCfg = Debug|x86
		{EB5B34C7-E57F-49E8-918F-97F6BE927DBD}.Debug|ARM.ActiveCfg = Debug|ARM
		{EB5B34C7-E57F-49E8-918F-97F6BE927DBD}.Debug|ARM.Build.0 = Debug|ARM
		{EB5B34C7-E57F-49E8-918F-97F6BE927DBD}.Debug|ARM.Deploy.0 = Debug|ARM
		{EB5B34C7-E57F-49E8-918F-97F6BE927DBD}.Debug|iPhone.ActiveCfg = Debug|x86
		{EB5B34C7-E57F-49E8-918F-97F6BE927DBD}.Debug|iPhoneSimulator.ActiveCfg = Debug|x86
		{EB5B34C7-E57F-49E8-918F-97F6BE927DBD}.Debug|x64.ActiveCfg = Debug|x64
		{EB5B34C7-E57F-49E8-918F-97F6BE927DBD}.Debug|x64.Build.0 = Debug|x64
		{EB5B34C7-E57F-49E8-918F-97F6BE927DBD}.Debug|x64.Deploy.0 = Debug|x64
		{EB5B34C7-E57F-49E8-918F-97F6BE927DBD}.Debug|x86.ActiveCfg = Debug|x86
		{EB5B34C7-E57F-49E8-918F-97F6BE927DBD}.Debug|x86.Build.0 = Debug|x86
		{EB5B34C7-E57F-49E8-918F-97F6BE927DBD}.Debug|x86.Deploy.0 = Debug|x86
		{EB5B34C7-E57F-49E8-918F-97F6BE927DBD}.Release|Any CPU.ActiveCfg = Release|x86
		{EB5B34C7-E57F-49E8-918F-97F6BE927DBD}.Release|ARM.ActiveCfg = Release|ARM
		{EB5B34C7-E57F-49E8-918F-97F6BE927DBD}.Release|ARM.Build.0 = Release|ARM
		{EB5B34C7-E57F-49E8-918F-97F6BE927DBD}.Release|ARM.Deploy.0 = Release|ARM
		{EB5B34C7-E57F-49E8-918F-97F6BE927DBD}.Release|iPhone.ActiveCfg = Release|x86
		{EB5B34C7-E57F-49E8-918F-97F6BE927DBD}.Release|iPhoneSimulator.ActiveCfg = Release|x86
		{EB5B34C7-E57F-49E8-918F-97F6BE927DBD}.Release|x64.ActiveCfg = Release|x64
		{EB5B34C7-E57F-49E8-918F-97F6BE927DBD}.Release|x64.Build.0 = Release|x64
		{EB5B34C7-E57F-49E8-918F-97F6BE927DBD}.Release|x64.Deploy.0 = Release|x64
		{EB5B34C7-E57F-49E8-918F-97F6BE927DBD}.Release|x86.ActiveCfg = Release|x86
		{EB5B34C7-E57F-49E8-918F-97F6BE927DBD}.Release|x86.Build.0 = Release|x86
		{EB5B34C7-E57F-49E8-918F-97F6BE927DBD}.Release|x86.Deploy.0 = Release|x86
		{23B883AC-F7F1-4881-B412-EC352BC95262}.Ad-Hoc|Any CPU.ActiveCfg = Release|Any CPU
		{23B883AC-F7F1-4881-B412-EC352BC95262}.Ad-Hoc|Any CPU.Build.0 = Release|Any CPU
		{23B883AC-F7F1-4881-B412-EC352BC95262}.Ad-Hoc|Any CPU.Deploy.0 = Release|Any CPU
		{23B883AC-F7F1-4881-B412-EC352BC95262}.Ad-Hoc|ARM.ActiveCfg = Release|ARM
		{23B883AC-F7F1-4881-B412-EC352BC95262}.Ad-Hoc|ARM.Build.0 = Release|ARM
		{23B883AC-F7F1-4881-B412-EC352BC95262}.Ad-Hoc|ARM.Deploy.0 = Release|ARM
		{23B883AC-F7F1-4881-B412-EC352BC95262}.Ad-Hoc|iPhone.ActiveCfg = Release|Any CPU
		{23B883AC-F7F1-4881-B412-EC352BC95262}.Ad-Hoc|iPhone.Build.0 = Release|Any CPU
		{23B883AC-F7F1-4881-B412-EC352BC95262}.Ad-Hoc|iPhone.Deploy.0 = Release|Any CPU
		{23B883AC-F7F1-4881-B412-EC352BC95262}.Ad-Hoc|iPhoneSimulator.ActiveCfg = Release|Any CPU
		{23B883AC-F7F1-4881-B412-EC352BC95262}.Ad-Hoc|iPhoneSimulator.Build.0 = Release|Any CPU
		{23B883AC-F7F1-4881-B412-EC352BC95262}.Ad-Hoc|iPhoneSimulator.Deploy.0 = Release|Any CPU
		{23B883AC-F7F1-4881-B412-EC352BC95262}.Ad-Hoc|x64.ActiveCfg = Release|x64
		{23B883AC-F7F1-4881-B412-EC352BC95262}.Ad-Hoc|x64.Build.0 = Release|x64
		{23B883AC-F7F1-4881-B412-EC352BC95262}.Ad-Hoc|x64.Deploy.0 = Release|x64
		{23B883AC-F7F1-4881-B412-EC352BC95262}.Ad-Hoc|x86.ActiveCfg = Release|x86
		{23B883AC-F7F1-4881-B412-EC352BC95262}.Ad-Hoc|x86.Build.0 = Release|x86
		{23B883AC-F7F1-4881-B412-EC352BC95262}.Ad-Hoc|x86.Deploy.0 = Release|x86
		{23B883AC-F7F1-4881-B412-EC352BC95262}.AppStore|Any CPU.ActiveCfg = Release|Any CPU
		{23B883AC-F7F1-4881-B412-EC352BC95262}.AppStore|Any CPU.Build.0 = Release|Any CPU
		{23B883AC-F7F1-4881-B412-EC352BC95262}.AppStore|Any CPU.Deploy.0 = Release|Any CPU
		{23B883AC-F7F1-4881-B412-EC352BC95262}.AppStore|ARM.ActiveCfg = Release|ARM
		{23B883AC-F7F1-4881-B412-EC352BC95262}.AppStore|ARM.Build.0 = Release|ARM
		{23B883AC-F7F1-4881-B412-EC352BC95262}.AppStore|ARM.Deploy.0 = Release|ARM
		{23B883AC-F7F1-4881-B412-EC352BC95262}.AppStore|iPhone.ActiveCfg = Release|Any CPU
		{23B883AC-F7F1-4881-B412-EC352BC95262}.AppStore|iPhone.Build.0 = Release|Any CPU
		{23B883AC-F7F1-4881-B412-EC352BC95262}.AppStore|iPhone.Deploy.0 = Release|Any CPU
		{23B883AC-F7F1-4881-B412-EC352BC95262}.AppStore|iPhoneSimulator.ActiveCfg = Release|Any CPU
		{23B883AC-F7F1-4881-B412-EC352BC95262}.AppStore|iPhoneSimulator.Build.0 = Release|Any CPU
		{23B883AC-F7F1-4881-B412-EC352BC95262}.AppStore|iPhoneSimulator.Deploy.0 = Release|Any CPU
		{23B883AC-F7F1-4881-B412-EC352BC95262}.AppStore|x64.ActiveCfg = Release|x64
		{23B883AC-F7F1-4881-B412-EC352BC95262}.AppStore|x64.Build.0 = Release|x64
		{23B883AC-F7F1-4881-B412-EC352BC95262}.AppStore|x64.Deploy.0 = Release|x64
		{23B883AC-F7F1-4881-B412-EC352BC95262}.AppStore|x86.ActiveCfg = Release|x86
		{23B883AC-F7F1-4881-B412-EC352BC95262}.AppStore|x86.Build.0 = Release|x86
		{23B883AC-F7F1-4881-B412-EC352BC95262}.AppStore|x86.Deploy.0 = Release|x86
		{23B883AC-F7F1-4881-B412-EC352BC95262}.Debug|Any CPU.ActiveCfg = Debug|Any CPU
		{23B883AC-F7F1-4881-B412-EC352BC95262}.Debug|Any CPU.Build.0 = Debug|Any CPU
		{23B883AC-F7F1-4881-B412-EC352BC95262}.Debug|Any CPU.Deploy.0 = Debug|Any CPU
		{23B883AC-F7F1-4881-B412-EC352BC95262}.Debug|ARM.ActiveCfg = Debug|ARM
		{23B883AC-F7F1-4881-B412-EC352BC95262}.Debug|ARM.Build.0 = Debug|ARM
		{23B883AC-F7F1-4881-B412-EC352BC95262}.Debug|ARM.Deploy.0 = Debug|ARM
		{23B883AC-F7F1-4881-B412-EC352BC95262}.Debug|iPhone.ActiveCfg = Debug|Any CPU
		{23B883AC-F7F1-4881-B412-EC352BC95262}.Debug|iPhone.Build.0 = Debug|Any CPU
		{23B883AC-F7F1-4881-B412-EC352BC95262}.Debug|iPhone.Deploy.0 = Debug|Any CPU
		{23B883AC-F7F1-4881-B412-EC352BC95262}.Debug|iPhoneSimulator.ActiveCfg = Debug|Any CPU
		{23B883AC-F7F1-4881-B412-EC352BC95262}.Debug|iPhoneSimulator.Build.0 = Debug|Any CPU
		{23B883AC-F7F1-4881-B412-EC352BC95262}.Debug|iPhoneSimulator.Deploy.0 = Debug|Any CPU
		{23B883AC-F7F1-4881-B412-EC352BC95262}.Debug|x64.ActiveCfg = Debug|x64
		{23B883AC-F7F1-4881-B412-EC352BC95262}.Debug|x64.Build.0 = Debug|x64
		{23B883AC-F7F1-4881-B412-EC352BC95262}.Debug|x64.Deploy.0 = Debug|x64
		{23B883AC-F7F1-4881-B412-EC352BC95262}.Debug|x86.ActiveCfg = Debug|x86
		{23B883AC-F7F1-4881-B412-EC352BC95262}.Debug|x86.Build.0 = Debug|x86
		{23B883AC-F7F1-4881-B412-EC352BC95262}.Debug|x86.Deploy.0 = Debug|x86
		{23B883AC-F7F1-4881-B412-EC352BC95262}.Release|Any CPU.ActiveCfg = Release|Any CPU
		{23B883AC-F7F1-4881-B412-EC352BC95262}.Release|Any CPU.Build.0 = Release|Any CPU
		{23B883AC-F7F1-4881-B412-EC352BC95262}.Release|Any CPU.Deploy.0 = Release|Any CPU
		{23B883AC-F7F1-4881-B412-EC352BC95262}.Release|ARM.ActiveCfg = Release|ARM
		{23B883AC-F7F1-4881-B412-EC352BC95262}.Release|ARM.Build.0 = Release|ARM
		{23B883AC-F7F1-4881-B412-EC352BC95262}.Release|ARM.Deploy.0 = Release|ARM
		{23B883AC-F7F1-4881-B412-EC352BC95262}.Release|iPhone.ActiveCfg = Release|Any CPU
		{23B883AC-F7F1-4881-B412-EC352BC95262}.Release|iPhone.Build.0 = Release|Any CPU
		{23B883AC-F7F1-4881-B412-EC352BC95262}.Release|iPhone.Deploy.0 = Release|Any CPU
		{23B883AC-F7F1-4881-B412-EC352BC95262}.Release|iPhoneSimulator.ActiveCfg = Release|Any CPU
		{23B883AC-F7F1-4881-B412-EC352BC95262}.Release|iPhoneSimulator.Build.0 = Release|Any CPU
		{23B883AC-F7F1-4881-B412-EC352BC95262}.Release|iPhoneSimulator.Deploy.0 = Release|Any CPU
		{23B883AC-F7F1-4881-B412-EC352BC95262}.Release|x64.ActiveCfg = Release|x64
		{23B883AC-F7F1-4881-B412-EC352BC95262}.Release|x64.Build.0 = Release|x64
		{23B883AC-F7F1-4881-B412-EC352BC95262}.Release|x64.Deploy.0 = Release|x64
		{23B883AC-F7F1-4881-B412-EC352BC95262}.Release|x86.ActiveCfg = Release|x86
		{23B883AC-F7F1-4881-B412-EC352BC95262}.Release|x86.Build.0 = Release|x86
		{23B883AC-F7F1-4881-B412-EC352BC95262}.Release|x86.Deploy.0 = Release|x86
	EndGlobalSection
	GlobalSection(SolutionProperties) = preSolution
		HideSolutionNode = FALSE
	EndGlobalSection
EndGlobal
